// !$*UTF8*$!
{
	archiveVersion = 1;
	classes = {
	};
	objectVersion = 46;
	objects = {

/* Begin PBXBuildFile section */
		0A2BB94BA46B8DE768AC82D9 /* Pods_IVE_Inventory.framework in Frameworks */ = {isa = PBXBuildFile; fileRef = D923680D55883DFA925F5DE5 /* Pods_IVE_Inventory.framework */; };
		9203D0B0201DD3A600FB2F7E /* ImageCell.swift in Sources */ = {isa = PBXBuildFile; fileRef = 9203D0AE201DD3A600FB2F7E /* ImageCell.swift */; };
		9203D0B1201DD3A600FB2F7E /* ImageCell.xib in Resources */ = {isa = PBXBuildFile; fileRef = 9203D0AF201DD3A600FB2F7E /* ImageCell.xib */; };
		920D01E0205CB74E00E3C6AB /* InventoryReceiptManager.swift in Sources */ = {isa = PBXBuildFile; fileRef = 920D01DF205CB74E00E3C6AB /* InventoryReceiptManager.swift */; };
		920D01E2205CB82800E3C6AB /* IVEReceipt.swift in Sources */ = {isa = PBXBuildFile; fileRef = 920D01E1205CB82800E3C6AB /* IVEReceipt.swift */; };
		92172E25202CC25700F213FD /* InventoryReceiptViewController.swift in Sources */ = {isa = PBXBuildFile; fileRef = 92172E23202CC25700F213FD /* InventoryReceiptViewController.swift */; };
		92172E29202CC32700F213FD /* InventoryReceiptCell.swift in Sources */ = {isa = PBXBuildFile; fileRef = 92172E27202CC32700F213FD /* InventoryReceiptCell.swift */; };
		92172E2A202CC32700F213FD /* InventoryReceiptCell.xib in Resources */ = {isa = PBXBuildFile; fileRef = 92172E28202CC32700F213FD /* InventoryReceiptCell.xib */; };
		92172E2C202CC34600F213FD /* DataSource_InventoryReceipt.swift in Sources */ = {isa = PBXBuildFile; fileRef = 92172E2B202CC34600F213FD /* DataSource_InventoryReceipt.swift */; };
		92172E2E202CC35B00F213FD /* Delegate_InventoryReceipt.swift in Sources */ = {isa = PBXBuildFile; fileRef = 92172E2D202CC35B00F213FD /* Delegate_InventoryReceipt.swift */; };
		92181FE91FF785C300950F56 /* LocalAuthentication.framework in Frameworks */ = {isa = PBXBuildFile; fileRef = 92181FE81FF785B900950F56 /* LocalAuthentication.framework */; };
		92181FEC1FF7861400950F56 /* LocalAuthenticationManager.swift in Sources */ = {isa = PBXBuildFile; fileRef = 92181FEB1FF7861400950F56 /* LocalAuthenticationManager.swift */; };
		922712AC1FF14C76002E6190 /* DetailsViewController.swift in Sources */ = {isa = PBXBuildFile; fileRef = 922712AB1FF14C76002E6190 /* DetailsViewController.swift */; };
		922AEA151FFBF497004246F9 /* SF-UI-Text-RegularItalic.otf in Resources */ = {isa = PBXBuildFile; fileRef = 922AE9FE1FFBF47E004246F9 /* SF-UI-Text-RegularItalic.otf */; };
		922AEA161FFBF497004246F9 /* SF-UI-Text-HeavyItalic.otf in Resources */ = {isa = PBXBuildFile; fileRef = 922AE9FF1FFBF47F004246F9 /* SF-UI-Text-HeavyItalic.otf */; };
		922AEA171FFBF497004246F9 /* SF-UI-Text-Semibold.otf in Resources */ = {isa = PBXBuildFile; fileRef = 922AEA001FFBF480004246F9 /* SF-UI-Text-Semibold.otf */; };
		922AEA181FFBF497004246F9 /* SF-UI-Text-SemiboldItalic.otf in Resources */ = {isa = PBXBuildFile; fileRef = 922AEA011FFBF481004246F9 /* SF-UI-Text-SemiboldItalic.otf */; };
		922AEA191FFBF497004246F9 /* SF-UI-Text-Medium.otf in Resources */ = {isa = PBXBuildFile; fileRef = 922AEA021FFBF483004246F9 /* SF-UI-Text-Medium.otf */; };
		922AEA1A1FFBF497004246F9 /* SF-UI-Text-BoldItalic.otf in Resources */ = {isa = PBXBuildFile; fileRef = 922AEA031FFBF484004246F9 /* SF-UI-Text-BoldItalic.otf */; };
		922AEA1B1FFBF497004246F9 /* SF-UI-Display-Bold.otf in Resources */ = {isa = PBXBuildFile; fileRef = 922AEA041FFBF485004246F9 /* SF-UI-Display-Bold.otf */; };
		922AEA1C1FFBF498004246F9 /* SF-UI-Text-Heavy.otf in Resources */ = {isa = PBXBuildFile; fileRef = 922AEA051FFBF487004246F9 /* SF-UI-Text-Heavy.otf */; };
		922AEA1D1FFBF498004246F9 /* SF-UI-Text-Bold.otf in Resources */ = {isa = PBXBuildFile; fileRef = 922AEA061FFBF488004246F9 /* SF-UI-Text-Bold.otf */; };
		922AEA1E1FFBF498004246F9 /* SF-UI-Display-Heavy.otf in Resources */ = {isa = PBXBuildFile; fileRef = 922AEA071FFBF489004246F9 /* SF-UI-Display-Heavy.otf */; };
		922AEA1F1FFBF498004246F9 /* SF-UI-Display-Regular.otf in Resources */ = {isa = PBXBuildFile; fileRef = 922AEA081FFBF48B004246F9 /* SF-UI-Display-Regular.otf */; };
		922AEA201FFBF498004246F9 /* SF-UI-Display-Medium.otf in Resources */ = {isa = PBXBuildFile; fileRef = 922AEA091FFBF48C004246F9 /* SF-UI-Display-Medium.otf */; };
		922AEA211FFBF498004246F9 /* SF-UI-Text-Regular.otf in Resources */ = {isa = PBXBuildFile; fileRef = 922AEA0A1FFBF48E004246F9 /* SF-UI-Text-Regular.otf */; };
		922AEA221FFBF498004246F9 /* SF-UI-Text-Ultrathin.otf in Resources */ = {isa = PBXBuildFile; fileRef = 922AEA0B1FFBF48F004246F9 /* SF-UI-Text-Ultrathin.otf */; };
		922AEA231FFBF498004246F9 /* SF-UI-Text-UltrathinItalic.otf in Resources */ = {isa = PBXBuildFile; fileRef = 922AEA0C1FFBF490004246F9 /* SF-UI-Text-UltrathinItalic.otf */; };
		922AEA241FFBF498004246F9 /* SF-UI-Text-LightItalic.otf in Resources */ = {isa = PBXBuildFile; fileRef = 922AEA0D1FFBF492004246F9 /* SF-UI-Text-LightItalic.otf */; };
		922AEA251FFBF498004246F9 /* SF-UI-Text-Light.otf in Resources */ = {isa = PBXBuildFile; fileRef = 922AEA0E1FFBF493004246F9 /* SF-UI-Text-Light.otf */; };
		922AEA261FFBF498004246F9 /* SF-UI-Display-Semibold.otf in Resources */ = {isa = PBXBuildFile; fileRef = 922AEA0F1FFBF496004246F9 /* SF-UI-Display-Semibold.otf */; };
		922AEA271FFBF498004246F9 /* SF-UI-Display-Thin.otf in Resources */ = {isa = PBXBuildFile; fileRef = 922AEA101FFBF496004246F9 /* SF-UI-Display-Thin.otf */; };
		922AEA281FFBF498004246F9 /* SF-UI-Display-Ultralight.otf in Resources */ = {isa = PBXBuildFile; fileRef = 922AEA111FFBF496004246F9 /* SF-UI-Display-Ultralight.otf */; };
		922AEA291FFBF498004246F9 /* SF-UI-Display-Light.otf in Resources */ = {isa = PBXBuildFile; fileRef = 922AEA121FFBF497004246F9 /* SF-UI-Display-Light.otf */; };
		922AEA2A1FFBF498004246F9 /* SF-UI-Display-Black.otf in Resources */ = {isa = PBXBuildFile; fileRef = 922AEA131FFBF497004246F9 /* SF-UI-Display-Black.otf */; };
		922AEA2B1FFBF498004246F9 /* SF-UI-Text-MediumItalic.otf in Resources */ = {isa = PBXBuildFile; fileRef = 922AEA141FFBF497004246F9 /* SF-UI-Text-MediumItalic.otf */; };
		922AEA2D1FFBF4C5004246F9 /* DrConstants.swift in Sources */ = {isa = PBXBuildFile; fileRef = 922AEA2C1FFBF4C5004246F9 /* DrConstants.swift */; };
		922AEA331FFBF4D6004246F9 /* UIImageView+Extension.swift in Sources */ = {isa = PBXBuildFile; fileRef = 922AEA2E1FFBF4D6004246F9 /* UIImageView+Extension.swift */; };
		922AEA341FFBF4D6004246F9 /* UIView+Extension.swift in Sources */ = {isa = PBXBuildFile; fileRef = 922AEA2F1FFBF4D6004246F9 /* UIView+Extension.swift */; };
		922AEA351FFBF4D6004246F9 /* UIColor+Extension.swift in Sources */ = {isa = PBXBuildFile; fileRef = 922AEA301FFBF4D6004246F9 /* UIColor+Extension.swift */; };
		922AEA361FFBF4D6004246F9 /* UIBarButtonItem+Extension.swift in Sources */ = {isa = PBXBuildFile; fileRef = 922AEA311FFBF4D6004246F9 /* UIBarButtonItem+Extension.swift */; };
		922AEA371FFBF4D6004246F9 /* CGFloat+Extension.swift in Sources */ = {isa = PBXBuildFile; fileRef = 922AEA321FFBF4D6004246F9 /* CGFloat+Extension.swift */; };
		922AEA3A1FFBF526004246F9 /* NetworkManager.swift in Sources */ = {isa = PBXBuildFile; fileRef = 922AEA391FFBF526004246F9 /* NetworkManager.swift */; };
		922B95141FEF46B600C176B4 /* MenuViewDataSource.swift in Sources */ = {isa = PBXBuildFile; fileRef = 922B950C1FEF46B600C176B4 /* MenuViewDataSource.swift */; };
		922B95151FEF46B600C176B4 /* MenuViewDelegate.swift in Sources */ = {isa = PBXBuildFile; fileRef = 922B950D1FEF46B600C176B4 /* MenuViewDelegate.swift */; };
		922B95161FEF46B600C176B4 /* MenuMainCell.swift in Sources */ = {isa = PBXBuildFile; fileRef = 922B950E1FEF46B600C176B4 /* MenuMainCell.swift */; };
		922B95171FEF46B600C176B4 /* MenuMainCell.xib in Resources */ = {isa = PBXBuildFile; fileRef = 922B950F1FEF46B600C176B4 /* MenuMainCell.xib */; };
		922B95181FEF46B600C176B4 /* MenuCell.swift in Sources */ = {isa = PBXBuildFile; fileRef = 922B95101FEF46B600C176B4 /* MenuCell.swift */; };
		922B95191FEF46B600C176B4 /* MenuCell.xib in Resources */ = {isa = PBXBuildFile; fileRef = 922B95111FEF46B600C176B4 /* MenuCell.xib */; };
		922B951A1FEF46B600C176B4 /* HeaderView.swift in Sources */ = {isa = PBXBuildFile; fileRef = 922B95121FEF46B600C176B4 /* HeaderView.swift */; };
		922B951B1FEF46B600C176B4 /* HeaderView.xib in Resources */ = {isa = PBXBuildFile; fileRef = 922B95131FEF46B600C176B4 /* HeaderView.xib */; };
		922B954D1FEF6B0A00C176B4 /* ReturnViewController.swift in Sources */ = {isa = PBXBuildFile; fileRef = 922B954C1FEF6B0A00C176B4 /* ReturnViewController.swift */; };
		9231D3011FF6AA720055F6B1 /* LoginViewController.swift in Sources */ = {isa = PBXBuildFile; fileRef = 9231D3001FF6AA720055F6B1 /* LoginViewController.swift */; };
		9231D3031FF6AA870055F6B1 /* RegisterViewController.swift in Sources */ = {isa = PBXBuildFile; fileRef = 9231D3021FF6AA870055F6B1 /* RegisterViewController.swift */; };
		9231D3061FF6B3490055F6B1 /* UITextField-Inspectable.swift in Sources */ = {isa = PBXBuildFile; fileRef = 9231D3051FF6B3490055F6B1 /* UITextField-Inspectable.swift */; };
		923411741FEA166900BC82E0 /* AppDelegate.swift in Sources */ = {isa = PBXBuildFile; fileRef = 923411731FEA166900BC82E0 /* AppDelegate.swift */; };
		923411761FEA166900BC82E0 /* MenuViewController.swift in Sources */ = {isa = PBXBuildFile; fileRef = 923411751FEA166900BC82E0 /* MenuViewController.swift */; };
		923411791FEA166900BC82E0 /* Main.storyboard in Resources */ = {isa = PBXBuildFile; fileRef = 923411771FEA166900BC82E0 /* Main.storyboard */; };
		9234117E1FEA166900BC82E0 /* LaunchScreen.storyboard in Resources */ = {isa = PBXBuildFile; fileRef = 9234117C1FEA166900BC82E0 /* LaunchScreen.storyboard */; };
		923A9086200267470024BFE6 /* Assets.xcassets in Resources */ = {isa = PBXBuildFile; fileRef = 923A9085200267450024BFE6 /* Assets.xcassets */; };
		923A908D200299D20024BFE6 /* WirelessPrinterManager.swift in Sources */ = {isa = PBXBuildFile; fileRef = 923A908C200299D20024BFE6 /* WirelessPrinterManager.swift */; };
		923A90922002B5630024BFE6 /* NDHTMLtoPDF.m in Sources */ = {isa = PBXBuildFile; fileRef = 923A90902002B5620024BFE6 /* NDHTMLtoPDF.m */; };
		923B59B420585249006CAC46 /* JustHUD.swift in Sources */ = {isa = PBXBuildFile; fileRef = 923B59B320585248006CAC46 /* JustHUD.swift */; };
		923BC6ED1FFE682900134E0D /* UILabel+Extension.swift in Sources */ = {isa = PBXBuildFile; fileRef = 923BC6EC1FFE682900134E0D /* UILabel+Extension.swift */; };
		923C29FF1FEFD1C100D805B0 /* ReturnDataSource.swift in Sources */ = {isa = PBXBuildFile; fileRef = 923C29FE1FEFD1C100D805B0 /* ReturnDataSource.swift */; };
		923C2A011FEFD1D300D805B0 /* ReturnDelegate.swift in Sources */ = {isa = PBXBuildFile; fileRef = 923C2A001FEFD1D300D805B0 /* ReturnDelegate.swift */; };
		923C2A041FEFD29C00D805B0 /* ReturnCell.swift in Sources */ = {isa = PBXBuildFile; fileRef = 923C2A021FEFD29C00D805B0 /* ReturnCell.swift */; };
		923C2A051FEFD29C00D805B0 /* ReturnCell.xib in Resources */ = {isa = PBXBuildFile; fileRef = 923C2A031FEFD29C00D805B0 /* ReturnCell.xib */; };
		923C2A0B1FEFEDB400D805B0 /* ReturnViewManager.swift in Sources */ = {isa = PBXBuildFile; fileRef = 923C2A0A1FEFEDB400D805B0 /* ReturnViewManager.swift */; };
		923C2A0D1FF00CDF00D805B0 /* ReturnSearchDelegate.swift in Sources */ = {isa = PBXBuildFile; fileRef = 923C2A0C1FF00CDF00D805B0 /* ReturnSearchDelegate.swift */; };
		923C31FF208E3FE9009233D6 /* VendorsViewController.swift in Sources */ = {isa = PBXBuildFile; fileRef = 923C31FD208E3FE9009233D6 /* VendorsViewController.swift */; };
		923C3202208E41F4009233D6 /* IVEVendor.swift in Sources */ = {isa = PBXBuildFile; fileRef = 923C3201208E41F3009233D6 /* IVEVendor.swift */; };
		923C3205208E4DC7009233D6 /* VendorsCell.swift in Sources */ = {isa = PBXBuildFile; fileRef = 923C3203208E4DC7009233D6 /* VendorsCell.swift */; };
		923C3206208E4DC7009233D6 /* VendorsCell.xib in Resources */ = {isa = PBXBuildFile; fileRef = 923C3204208E4DC7009233D6 /* VendorsCell.xib */; };
		923C3208208E541D009233D6 /* VendorManager.swift in Sources */ = {isa = PBXBuildFile; fileRef = 923C3207208E541D009233D6 /* VendorManager.swift */; };
		92472529200E5F3400C34B42 /* IVEStruct.swift in Sources */ = {isa = PBXBuildFile; fileRef = 92472528200E5F3400C34B42 /* IVEStruct.swift */; };
		925B8264202774110023A0A7 /* ScannerViewController.swift in Sources */ = {isa = PBXBuildFile; fileRef = 925B8263202774110023A0A7 /* ScannerViewController.swift */; };
		925B82662027789B0023A0A7 /* UIButton+Extension.swift in Sources */ = {isa = PBXBuildFile; fileRef = 925B82652027789B0023A0A7 /* UIButton+Extension.swift */; };
		925F43A82060B61A00824A45 /* UIImage+Extension.swift in Sources */ = {isa = PBXBuildFile; fileRef = 925F43A72060B61A00824A45 /* UIImage+Extension.swift */; };
		92BAF512200AC19E008FCFC3 /* UIViewController+Extension.swift in Sources */ = {isa = PBXBuildFile; fileRef = 92BAF511200AC19E008FCFC3 /* UIViewController+Extension.swift */; };
		92BAF516200BA73A008FCFC3 /* SetUpDataSource.swift in Sources */ = {isa = PBXBuildFile; fileRef = 92BAF515200BA73A008FCFC3 /* SetUpDataSource.swift */; };
		92BAF518200BA74E008FCFC3 /* SetUpDelegate.swift in Sources */ = {isa = PBXBuildFile; fileRef = 92BAF517200BA74E008FCFC3 /* SetUpDelegate.swift */; };
		92BAF51B200BAA1D008FCFC3 /* SetUpCell.swift in Sources */ = {isa = PBXBuildFile; fileRef = 92BAF519200BAA1D008FCFC3 /* SetUpCell.swift */; };
		92BAF51C200BAA1D008FCFC3 /* SetUpCell.xib in Resources */ = {isa = PBXBuildFile; fileRef = 92BAF51A200BAA1D008FCFC3 /* SetUpCell.xib */; };
		92D33D2C2056348300F8FFD5 /* VendorSelectionVC.swift in Sources */ = {isa = PBXBuildFile; fileRef = 92D33D2A2056348300F8FFD5 /* VendorSelectionVC.swift */; };
		92D33D2D2056348300F8FFD5 /* VendorSelectionVC.xib in Resources */ = {isa = PBXBuildFile; fileRef = 92D33D2B2056348300F8FFD5 /* VendorSelectionVC.xib */; };
		92D40273202391BF004F143F /* CustomerView.swift in Sources */ = {isa = PBXBuildFile; fileRef = 92D40272202391BF004F143F /* CustomerView.swift */; };
		92D40275202391D9004F143F /* CustomerView.xib in Resources */ = {isa = PBXBuildFile; fileRef = 92D40274202391D9004F143F /* CustomerView.xib */; };
		92D40277202396CE004F143F /* InventoryView.swift in Sources */ = {isa = PBXBuildFile; fileRef = 92D40276202396CE004F143F /* InventoryView.swift */; };
		92D40279202396E3004F143F /* InventoryView.xib in Resources */ = {isa = PBXBuildFile; fileRef = 92D40278202396E3004F143F /* InventoryView.xib */; };
		92D79E092014B83C0083E5CE /* BottomTrayViewController.swift in Sources */ = {isa = PBXBuildFile; fileRef = 92D79E082014B83C0083E5CE /* BottomTrayViewController.swift */; };
		92D79E0C2014BE5F0083E5CE /* BottomTrayCell.swift in Sources */ = {isa = PBXBuildFile; fileRef = 92D79E0A2014BE5F0083E5CE /* BottomTrayCell.swift */; };
		92D79E0D2014BE5F0083E5CE /* BottomTrayCell.xib in Resources */ = {isa = PBXBuildFile; fileRef = 92D79E0B2014BE5F0083E5CE /* BottomTrayCell.xib */; };
		92E294D8208ECB580025A9D6 /* VendorsRmaStatusVC.swift in Sources */ = {isa = PBXBuildFile; fileRef = 92E294D6208ECB580025A9D6 /* VendorsRmaStatusVC.swift */; };
		92E294DC208ED0740025A9D6 /* RmaStatusCell.swift in Sources */ = {isa = PBXBuildFile; fileRef = 92E294DA208ED0740025A9D6 /* RmaStatusCell.swift */; };
		92E294DD208ED0740025A9D6 /* RmaStatusCell.xib in Resources */ = {isa = PBXBuildFile; fileRef = 92E294DB208ED0740025A9D6 /* RmaStatusCell.xib */; };
		92E672CE202D3E3600AC53E1 /* InventoryReceiptDetailsVC.swift in Sources */ = {isa = PBXBuildFile; fileRef = 92E672CD202D3E3600AC53E1 /* InventoryReceiptDetailsVC.swift */; };
		92F308612024F1D800CA930D /* DataSource_DetailsVC.swift in Sources */ = {isa = PBXBuildFile; fileRef = 92F308602024F1D800CA930D /* DataSource_DetailsVC.swift */; };
		92F308632024F2C400CA930D /* Delegate_DetailsVC.swift in Sources */ = {isa = PBXBuildFile; fileRef = 92F308622024F2C400CA930D /* Delegate_DetailsVC.swift */; };
		92F308662024F4A200CA930D /* RmaDetailCell.swift in Sources */ = {isa = PBXBuildFile; fileRef = 92F308642024F4A200CA930D /* RmaDetailCell.swift */; };
		92F308672024F4A200CA930D /* RmaDetailCell.xib in Resources */ = {isa = PBXBuildFile; fileRef = 92F308652024F4A200CA930D /* RmaDetailCell.xib */; };
		92F3086A2024F4C100CA930D /* RmaContainerCell.swift in Sources */ = {isa = PBXBuildFile; fileRef = 92F308682024F4C100CA930D /* RmaContainerCell.swift */; };
		92F3086B2024F4C100CA930D /* RmaContainerCell.xib in Resources */ = {isa = PBXBuildFile; fileRef = 92F308692024F4C100CA930D /* RmaContainerCell.xib */; };
		92F3086E20258B7500CA930D /* InternalNotesViewController.swift in Sources */ = {isa = PBXBuildFile; fileRef = 92F3086D20258B7500CA930D /* InternalNotesViewController.swift */; };
		92F3087120258DCA00CA930D /* CustomProtocols.swift in Sources */ = {isa = PBXBuildFile; fileRef = 92F3087020258DCA00CA930D /* CustomProtocols.swift */; };
		92F308742025A9A800CA930D /* InternalNoteCell.swift in Sources */ = {isa = PBXBuildFile; fileRef = 92F308722025A9A800CA930D /* InternalNoteCell.swift */; };
		92F308752025A9A800CA930D /* InternalNoteCell.xib in Resources */ = {isa = PBXBuildFile; fileRef = 92F308732025A9A800CA930D /* InternalNoteCell.xib */; };
		92F6B56F208F22AA00F2E61C /* MessageUI.framework in Frameworks */ = {isa = PBXBuildFile; fileRef = 92F6B56E208F22AA00F2E61C /* MessageUI.framework */; };
		D00225CE200131B4001EAD9C /* ScanManager.swift in Sources */ = {isa = PBXBuildFile; fileRef = D00225CD200131B4001EAD9C /* ScanManager.swift */; };
		D0C3EDB51FFF46B9005DA4A0 /* SetUpViewController.swift in Sources */ = {isa = PBXBuildFile; fileRef = D0C3EDB31FFF46B9005DA4A0 /* SetUpViewController.swift */; };
		D0C3EDB91FFF46CB005DA4A0 /* UserDetailViewController.swift in Sources */ = {isa = PBXBuildFile; fileRef = D0C3EDB71FFF46CB005DA4A0 /* UserDetailViewController.swift */; };
/* End PBXBuildFile section */

/* Begin PBXFileReference section */
		9203D0AE201DD3A600FB2F7E /* ImageCell.swift */ = {isa = PBXFileReference; lastKnownFileType = sourcecode.swift; path = ImageCell.swift; sourceTree = "<group>"; };
		9203D0AF201DD3A600FB2F7E /* ImageCell.xib */ = {isa = PBXFileReference; lastKnownFileType = file.xib; path = ImageCell.xib; sourceTree = "<group>"; };
		920D01DF205CB74E00E3C6AB /* InventoryReceiptManager.swift */ = {isa = PBXFileReference; lastKnownFileType = sourcecode.swift; path = InventoryReceiptManager.swift; sourceTree = "<group>"; };
		920D01E1205CB82800E3C6AB /* IVEReceipt.swift */ = {isa = PBXFileReference; lastKnownFileType = sourcecode.swift; path = IVEReceipt.swift; sourceTree = "<group>"; };
		92172E23202CC25700F213FD /* InventoryReceiptViewController.swift */ = {isa = PBXFileReference; lastKnownFileType = sourcecode.swift; path = InventoryReceiptViewController.swift; sourceTree = "<group>"; };
		92172E27202CC32700F213FD /* InventoryReceiptCell.swift */ = {isa = PBXFileReference; lastKnownFileType = sourcecode.swift; path = InventoryReceiptCell.swift; sourceTree = "<group>"; };
		92172E28202CC32700F213FD /* InventoryReceiptCell.xib */ = {isa = PBXFileReference; lastKnownFileType = file.xib; path = InventoryReceiptCell.xib; sourceTree = "<group>"; };
		92172E2B202CC34600F213FD /* DataSource_InventoryReceipt.swift */ = {isa = PBXFileReference; lastKnownFileType = sourcecode.swift; path = DataSource_InventoryReceipt.swift; sourceTree = "<group>"; };
		92172E2D202CC35B00F213FD /* Delegate_InventoryReceipt.swift */ = {isa = PBXFileReference; lastKnownFileType = sourcecode.swift; path = Delegate_InventoryReceipt.swift; sourceTree = "<group>"; };
		92181FE81FF785B900950F56 /* LocalAuthentication.framework */ = {isa = PBXFileReference; lastKnownFileType = wrapper.framework; name = LocalAuthentication.framework; path = System/Library/Frameworks/LocalAuthentication.framework; sourceTree = SDKROOT; };
		92181FEB1FF7861400950F56 /* LocalAuthenticationManager.swift */ = {isa = PBXFileReference; lastKnownFileType = sourcecode.swift; path = LocalAuthenticationManager.swift; sourceTree = "<group>"; };
		922712AB1FF14C76002E6190 /* DetailsViewController.swift */ = {isa = PBXFileReference; fileEncoding = 4; lastKnownFileType = sourcecode.swift; path = DetailsViewController.swift; sourceTree = "<group>"; };
		922AE9FE1FFBF47E004246F9 /* SF-UI-Text-RegularItalic.otf */ = {isa = PBXFileReference; lastKnownFileType = file; name = "SF-UI-Text-RegularItalic.otf"; path = "Fonts/SF-UI-Text-RegularItalic.otf"; sourceTree = "<group>"; };
		922AE9FF1FFBF47F004246F9 /* SF-UI-Text-HeavyItalic.otf */ = {isa = PBXFileReference; lastKnownFileType = file; name = "SF-UI-Text-HeavyItalic.otf"; path = "Fonts/SF-UI-Text-HeavyItalic.otf"; sourceTree = "<group>"; };
		922AEA001FFBF480004246F9 /* SF-UI-Text-Semibold.otf */ = {isa = PBXFileReference; lastKnownFileType = file; name = "SF-UI-Text-Semibold.otf"; path = "Fonts/SF-UI-Text-Semibold.otf"; sourceTree = "<group>"; };
		922AEA011FFBF481004246F9 /* SF-UI-Text-SemiboldItalic.otf */ = {isa = PBXFileReference; lastKnownFileType = file; name = "SF-UI-Text-SemiboldItalic.otf"; path = "Fonts/SF-UI-Text-SemiboldItalic.otf"; sourceTree = "<group>"; };
		922AEA021FFBF483004246F9 /* SF-UI-Text-Medium.otf */ = {isa = PBXFileReference; lastKnownFileType = file; name = "SF-UI-Text-Medium.otf"; path = "Fonts/SF-UI-Text-Medium.otf"; sourceTree = "<group>"; };
		922AEA031FFBF484004246F9 /* SF-UI-Text-BoldItalic.otf */ = {isa = PBXFileReference; lastKnownFileType = file; name = "SF-UI-Text-BoldItalic.otf"; path = "Fonts/SF-UI-Text-BoldItalic.otf"; sourceTree = "<group>"; };
		922AEA041FFBF485004246F9 /* SF-UI-Display-Bold.otf */ = {isa = PBXFileReference; lastKnownFileType = file; name = "SF-UI-Display-Bold.otf"; path = "Fonts/SF-UI-Display-Bold.otf"; sourceTree = "<group>"; };
		922AEA051FFBF487004246F9 /* SF-UI-Text-Heavy.otf */ = {isa = PBXFileReference; lastKnownFileType = file; name = "SF-UI-Text-Heavy.otf"; path = "Fonts/SF-UI-Text-Heavy.otf"; sourceTree = "<group>"; };
		922AEA061FFBF488004246F9 /* SF-UI-Text-Bold.otf */ = {isa = PBXFileReference; lastKnownFileType = file; name = "SF-UI-Text-Bold.otf"; path = "Fonts/SF-UI-Text-Bold.otf"; sourceTree = "<group>"; };
		922AEA071FFBF489004246F9 /* SF-UI-Display-Heavy.otf */ = {isa = PBXFileReference; lastKnownFileType = file; name = "SF-UI-Display-Heavy.otf"; path = "Fonts/SF-UI-Display-Heavy.otf"; sourceTree = "<group>"; };
		922AEA081FFBF48B004246F9 /* SF-UI-Display-Regular.otf */ = {isa = PBXFileReference; lastKnownFileType = file; name = "SF-UI-Display-Regular.otf"; path = "Fonts/SF-UI-Display-Regular.otf"; sourceTree = "<group>"; };
		922AEA091FFBF48C004246F9 /* SF-UI-Display-Medium.otf */ = {isa = PBXFileReference; lastKnownFileType = file; name = "SF-UI-Display-Medium.otf"; path = "Fonts/SF-UI-Display-Medium.otf"; sourceTree = "<group>"; };
		922AEA0A1FFBF48E004246F9 /* SF-UI-Text-Regular.otf */ = {isa = PBXFileReference; lastKnownFileType = file; name = "SF-UI-Text-Regular.otf"; path = "Fonts/SF-UI-Text-Regular.otf"; sourceTree = "<group>"; };
		922AEA0B1FFBF48F004246F9 /* SF-UI-Text-Ultrathin.otf */ = {isa = PBXFileReference; lastKnownFileType = file; name = "SF-UI-Text-Ultrathin.otf"; path = "Fonts/SF-UI-Text-Ultrathin.otf"; sourceTree = "<group>"; };
		922AEA0C1FFBF490004246F9 /* SF-UI-Text-UltrathinItalic.otf */ = {isa = PBXFileReference; lastKnownFileType = file; name = "SF-UI-Text-UltrathinItalic.otf"; path = "Fonts/SF-UI-Text-UltrathinItalic.otf"; sourceTree = "<group>"; };
		922AEA0D1FFBF492004246F9 /* SF-UI-Text-LightItalic.otf */ = {isa = PBXFileReference; lastKnownFileType = file; name = "SF-UI-Text-LightItalic.otf"; path = "Fonts/SF-UI-Text-LightItalic.otf"; sourceTree = "<group>"; };
		922AEA0E1FFBF493004246F9 /* SF-UI-Text-Light.otf */ = {isa = PBXFileReference; lastKnownFileType = file; name = "SF-UI-Text-Light.otf"; path = "Fonts/SF-UI-Text-Light.otf"; sourceTree = "<group>"; };
		922AEA0F1FFBF496004246F9 /* SF-UI-Display-Semibold.otf */ = {isa = PBXFileReference; lastKnownFileType = file; name = "SF-UI-Display-Semibold.otf"; path = "Fonts/SF-UI-Display-Semibold.otf"; sourceTree = "<group>"; };
		922AEA101FFBF496004246F9 /* SF-UI-Display-Thin.otf */ = {isa = PBXFileReference; lastKnownFileType = file; name = "SF-UI-Display-Thin.otf"; path = "Fonts/SF-UI-Display-Thin.otf"; sourceTree = "<group>"; };
		922AEA111FFBF496004246F9 /* SF-UI-Display-Ultralight.otf */ = {isa = PBXFileReference; lastKnownFileType = file; name = "SF-UI-Display-Ultralight.otf"; path = "Fonts/SF-UI-Display-Ultralight.otf"; sourceTree = "<group>"; };
		922AEA121FFBF497004246F9 /* SF-UI-Display-Light.otf */ = {isa = PBXFileReference; lastKnownFileType = file; name = "SF-UI-Display-Light.otf"; path = "Fonts/SF-UI-Display-Light.otf"; sourceTree = "<group>"; };
		922AEA131FFBF497004246F9 /* SF-UI-Display-Black.otf */ = {isa = PBXFileReference; lastKnownFileType = file; name = "SF-UI-Display-Black.otf"; path = "Fonts/SF-UI-Display-Black.otf"; sourceTree = "<group>"; };
		922AEA141FFBF497004246F9 /* SF-UI-Text-MediumItalic.otf */ = {isa = PBXFileReference; lastKnownFileType = file; name = "SF-UI-Text-MediumItalic.otf"; path = "Fonts/SF-UI-Text-MediumItalic.otf"; sourceTree = "<group>"; };
		922AEA2C1FFBF4C5004246F9 /* DrConstants.swift */ = {isa = PBXFileReference; fileEncoding = 4; lastKnownFileType = sourcecode.swift; name = DrConstants.swift; path = Constants/DrConstants.swift; sourceTree = "<group>"; };
		922AEA2E1FFBF4D6004246F9 /* UIImageView+Extension.swift */ = {isa = PBXFileReference; fileEncoding = 4; lastKnownFileType = sourcecode.swift; name = "UIImageView+Extension.swift"; path = "Extension/UIImageView+Extension.swift"; sourceTree = "<group>"; };
		922AEA2F1FFBF4D6004246F9 /* UIView+Extension.swift */ = {isa = PBXFileReference; fileEncoding = 4; lastKnownFileType = sourcecode.swift; name = "UIView+Extension.swift"; path = "Extension/UIView+Extension.swift"; sourceTree = "<group>"; };
		922AEA301FFBF4D6004246F9 /* UIColor+Extension.swift */ = {isa = PBXFileReference; fileEncoding = 4; lastKnownFileType = sourcecode.swift; name = "UIColor+Extension.swift"; path = "Extension/UIColor+Extension.swift"; sourceTree = "<group>"; };
		922AEA311FFBF4D6004246F9 /* UIBarButtonItem+Extension.swift */ = {isa = PBXFileReference; fileEncoding = 4; lastKnownFileType = sourcecode.swift; name = "UIBarButtonItem+Extension.swift"; path = "Extension/UIBarButtonItem+Extension.swift"; sourceTree = "<group>"; };
		922AEA321FFBF4D6004246F9 /* CGFloat+Extension.swift */ = {isa = PBXFileReference; fileEncoding = 4; lastKnownFileType = sourcecode.swift; name = "CGFloat+Extension.swift"; path = "Extension/CGFloat+Extension.swift"; sourceTree = "<group>"; };
		922AEA391FFBF526004246F9 /* NetworkManager.swift */ = {isa = PBXFileReference; lastKnownFileType = sourcecode.swift; path = NetworkManager.swift; sourceTree = "<group>"; };
		922B950C1FEF46B600C176B4 /* MenuViewDataSource.swift */ = {isa = PBXFileReference; fileEncoding = 4; lastKnownFileType = sourcecode.swift; path = MenuViewDataSource.swift; sourceTree = "<group>"; };
		922B950D1FEF46B600C176B4 /* MenuViewDelegate.swift */ = {isa = PBXFileReference; fileEncoding = 4; lastKnownFileType = sourcecode.swift; path = MenuViewDelegate.swift; sourceTree = "<group>"; };
		922B950E1FEF46B600C176B4 /* MenuMainCell.swift */ = {isa = PBXFileReference; fileEncoding = 4; lastKnownFileType = sourcecode.swift; path = MenuMainCell.swift; sourceTree = "<group>"; };
		922B950F1FEF46B600C176B4 /* MenuMainCell.xib */ = {isa = PBXFileReference; fileEncoding = 4; lastKnownFileType = file.xib; path = MenuMainCell.xib; sourceTree = "<group>"; };
		922B95101FEF46B600C176B4 /* MenuCell.swift */ = {isa = PBXFileReference; fileEncoding = 4; lastKnownFileType = sourcecode.swift; path = MenuCell.swift; sourceTree = "<group>"; };
		922B95111FEF46B600C176B4 /* MenuCell.xib */ = {isa = PBXFileReference; fileEncoding = 4; lastKnownFileType = file.xib; path = MenuCell.xib; sourceTree = "<group>"; };
		922B95121FEF46B600C176B4 /* HeaderView.swift */ = {isa = PBXFileReference; fileEncoding = 4; lastKnownFileType = sourcecode.swift; path = HeaderView.swift; sourceTree = "<group>"; };
		922B95131FEF46B600C176B4 /* HeaderView.xib */ = {isa = PBXFileReference; fileEncoding = 4; lastKnownFileType = file.xib; path = HeaderView.xib; sourceTree = "<group>"; };
		922B954C1FEF6B0A00C176B4 /* ReturnViewController.swift */ = {isa = PBXFileReference; fileEncoding = 4; lastKnownFileType = sourcecode.swift; path = ReturnViewController.swift; sourceTree = "<group>"; };
		9231D3001FF6AA720055F6B1 /* LoginViewController.swift */ = {isa = PBXFileReference; lastKnownFileType = sourcecode.swift; path = LoginViewController.swift; sourceTree = "<group>"; };
		9231D3021FF6AA870055F6B1 /* RegisterViewController.swift */ = {isa = PBXFileReference; lastKnownFileType = sourcecode.swift; path = RegisterViewController.swift; sourceTree = "<group>"; };
		9231D3051FF6B3490055F6B1 /* UITextField-Inspectable.swift */ = {isa = PBXFileReference; lastKnownFileType = sourcecode.swift; path = "UITextField-Inspectable.swift"; sourceTree = "<group>"; };
		923411701FEA166900BC82E0 /* IVE Inventory.app */ = {isa = PBXFileReference; explicitFileType = wrapper.application; includeInIndex = 0; path = "IVE Inventory.app"; sourceTree = BUILT_PRODUCTS_DIR; };
		923411731FEA166900BC82E0 /* AppDelegate.swift */ = {isa = PBXFileReference; lastKnownFileType = sourcecode.swift; path = AppDelegate.swift; sourceTree = "<group>"; };
		923411751FEA166900BC82E0 /* MenuViewController.swift */ = {isa = PBXFileReference; lastKnownFileType = sourcecode.swift; path = MenuViewController.swift; sourceTree = "<group>"; };
		923411781FEA166900BC82E0 /* Base */ = {isa = PBXFileReference; lastKnownFileType = file.storyboard; name = Base; path = Base.lproj/Main.storyboard; sourceTree = "<group>"; };
		9234117D1FEA166900BC82E0 /* Base */ = {isa = PBXFileReference; lastKnownFileType = file.storyboard; name = Base; path = Base.lproj/LaunchScreen.storyboard; sourceTree = "<group>"; };
		9234117F1FEA166900BC82E0 /* Info.plist */ = {isa = PBXFileReference; lastKnownFileType = text.plist.xml; path = Info.plist; sourceTree = "<group>"; };
		923A9085200267450024BFE6 /* Assets.xcassets */ = {isa = PBXFileReference; lastKnownFileType = folder.assetcatalog; path = Assets.xcassets; sourceTree = "<group>"; };
		923A9087200297460024BFE6 /* IVE Inventory-Bridging-Header.h */ = {isa = PBXFileReference; lastKnownFileType = sourcecode.c.h; path = "IVE Inventory-Bridging-Header.h"; sourceTree = "<group>"; };
		923A908C200299D20024BFE6 /* WirelessPrinterManager.swift */ = {isa = PBXFileReference; lastKnownFileType = sourcecode.swift; path = WirelessPrinterManager.swift; sourceTree = "<group>"; };
		923A90902002B5620024BFE6 /* NDHTMLtoPDF.m */ = {isa = PBXFileReference; fileEncoding = 4; lastKnownFileType = sourcecode.c.objc; path = NDHTMLtoPDF.m; sourceTree = "<group>"; };
		923A90912002B5620024BFE6 /* NDHTMLtoPDF.h */ = {isa = PBXFileReference; fileEncoding = 4; lastKnownFileType = sourcecode.c.h; path = NDHTMLtoPDF.h; sourceTree = "<group>"; };
		923B59B320585248006CAC46 /* JustHUD.swift */ = {isa = PBXFileReference; fileEncoding = 4; lastKnownFileType = sourcecode.swift; path = JustHUD.swift; sourceTree = "<group>"; };
		923BC6EC1FFE682900134E0D /* UILabel+Extension.swift */ = {isa = PBXFileReference; lastKnownFileType = sourcecode.swift; path = "UILabel+Extension.swift"; sourceTree = "<group>"; };
		923C29FE1FEFD1C100D805B0 /* ReturnDataSource.swift */ = {isa = PBXFileReference; fileEncoding = 4; lastKnownFileType = sourcecode.swift; path = ReturnDataSource.swift; sourceTree = "<group>"; };
		923C2A001FEFD1D300D805B0 /* ReturnDelegate.swift */ = {isa = PBXFileReference; fileEncoding = 4; lastKnownFileType = sourcecode.swift; path = ReturnDelegate.swift; sourceTree = "<group>"; };
		923C2A021FEFD29C00D805B0 /* ReturnCell.swift */ = {isa = PBXFileReference; fileEncoding = 4; lastKnownFileType = sourcecode.swift; path = ReturnCell.swift; sourceTree = "<group>"; };
		923C2A031FEFD29C00D805B0 /* ReturnCell.xib */ = {isa = PBXFileReference; fileEncoding = 4; lastKnownFileType = file.xib; path = ReturnCell.xib; sourceTree = "<group>"; };
		923C2A0A1FEFEDB400D805B0 /* ReturnViewManager.swift */ = {isa = PBXFileReference; fileEncoding = 4; lastKnownFileType = sourcecode.swift; path = ReturnViewManager.swift; sourceTree = "<group>"; };
		923C2A0C1FF00CDF00D805B0 /* ReturnSearchDelegate.swift */ = {isa = PBXFileReference; fileEncoding = 4; lastKnownFileType = sourcecode.swift; path = ReturnSearchDelegate.swift; sourceTree = "<group>"; };
		923C31FD208E3FE9009233D6 /* VendorsViewController.swift */ = {isa = PBXFileReference; lastKnownFileType = sourcecode.swift; path = VendorsViewController.swift; sourceTree = "<group>"; };
		923C3201208E41F3009233D6 /* IVEVendor.swift */ = {isa = PBXFileReference; lastKnownFileType = sourcecode.swift; path = IVEVendor.swift; sourceTree = "<group>"; };
		923C3203208E4DC7009233D6 /* VendorsCell.swift */ = {isa = PBXFileReference; lastKnownFileType = sourcecode.swift; path = VendorsCell.swift; sourceTree = "<group>"; };
		923C3204208E4DC7009233D6 /* VendorsCell.xib */ = {isa = PBXFileReference; lastKnownFileType = file.xib; path = VendorsCell.xib; sourceTree = "<group>"; };
		923C3207208E541D009233D6 /* VendorManager.swift */ = {isa = PBXFileReference; lastKnownFileType = sourcecode.swift; path = VendorManager.swift; sourceTree = "<group>"; };
		92472528200E5F3400C34B42 /* IVEStruct.swift */ = {isa = PBXFileReference; lastKnownFileType = sourcecode.swift; path = IVEStruct.swift; sourceTree = "<group>"; };
		925B8263202774110023A0A7 /* ScannerViewController.swift */ = {isa = PBXFileReference; lastKnownFileType = sourcecode.swift; path = ScannerViewController.swift; sourceTree = "<group>"; };
		925B82652027789B0023A0A7 /* UIButton+Extension.swift */ = {isa = PBXFileReference; lastKnownFileType = sourcecode.swift; path = "UIButton+Extension.swift"; sourceTree = "<group>"; };
		925F43A72060B61A00824A45 /* UIImage+Extension.swift */ = {isa = PBXFileReference; lastKnownFileType = sourcecode.swift; path = "UIImage+Extension.swift"; sourceTree = "<group>"; };
		92BAF511200AC19E008FCFC3 /* UIViewController+Extension.swift */ = {isa = PBXFileReference; lastKnownFileType = sourcecode.swift; path = "UIViewController+Extension.swift"; sourceTree = "<group>"; };
		92BAF515200BA73A008FCFC3 /* SetUpDataSource.swift */ = {isa = PBXFileReference; lastKnownFileType = sourcecode.swift; path = SetUpDataSource.swift; sourceTree = "<group>"; };
		92BAF517200BA74E008FCFC3 /* SetUpDelegate.swift */ = {isa = PBXFileReference; lastKnownFileType = sourcecode.swift; path = SetUpDelegate.swift; sourceTree = "<group>"; };
		92BAF519200BAA1D008FCFC3 /* SetUpCell.swift */ = {isa = PBXFileReference; lastKnownFileType = sourcecode.swift; path = SetUpCell.swift; sourceTree = "<group>"; };
		92BAF51A200BAA1D008FCFC3 /* SetUpCell.xib */ = {isa = PBXFileReference; lastKnownFileType = file.xib; path = SetUpCell.xib; sourceTree = "<group>"; };
		92D33D2A2056348300F8FFD5 /* VendorSelectionVC.swift */ = {isa = PBXFileReference; lastKnownFileType = sourcecode.swift; path = VendorSelectionVC.swift; sourceTree = "<group>"; };
		92D33D2B2056348300F8FFD5 /* VendorSelectionVC.xib */ = {isa = PBXFileReference; lastKnownFileType = file.xib; path = VendorSelectionVC.xib; sourceTree = "<group>"; };
		92D40272202391BF004F143F /* CustomerView.swift */ = {isa = PBXFileReference; lastKnownFileType = sourcecode.swift; path = CustomerView.swift; sourceTree = "<group>"; };
		92D40274202391D9004F143F /* CustomerView.xib */ = {isa = PBXFileReference; lastKnownFileType = file.xib; path = CustomerView.xib; sourceTree = "<group>"; };
		92D40276202396CE004F143F /* InventoryView.swift */ = {isa = PBXFileReference; lastKnownFileType = sourcecode.swift; path = InventoryView.swift; sourceTree = "<group>"; };
		92D40278202396E3004F143F /* InventoryView.xib */ = {isa = PBXFileReference; lastKnownFileType = file.xib; path = InventoryView.xib; sourceTree = "<group>"; };
		92D79E082014B83C0083E5CE /* BottomTrayViewController.swift */ = {isa = PBXFileReference; lastKnownFileType = sourcecode.swift; path = BottomTrayViewController.swift; sourceTree = "<group>"; };
		92D79E0A2014BE5F0083E5CE /* BottomTrayCell.swift */ = {isa = PBXFileReference; lastKnownFileType = sourcecode.swift; path = BottomTrayCell.swift; sourceTree = "<group>"; };
		92D79E0B2014BE5F0083E5CE /* BottomTrayCell.xib */ = {isa = PBXFileReference; lastKnownFileType = file.xib; path = BottomTrayCell.xib; sourceTree = "<group>"; };
		92E294D6208ECB580025A9D6 /* VendorsRmaStatusVC.swift */ = {isa = PBXFileReference; lastKnownFileType = sourcecode.swift; path = VendorsRmaStatusVC.swift; sourceTree = "<group>"; };
		92E294DA208ED0740025A9D6 /* RmaStatusCell.swift */ = {isa = PBXFileReference; lastKnownFileType = sourcecode.swift; path = RmaStatusCell.swift; sourceTree = "<group>"; };
		92E294DB208ED0740025A9D6 /* RmaStatusCell.xib */ = {isa = PBXFileReference; lastKnownFileType = file.xib; path = RmaStatusCell.xib; sourceTree = "<group>"; };
		92E672CD202D3E3600AC53E1 /* InventoryReceiptDetailsVC.swift */ = {isa = PBXFileReference; lastKnownFileType = sourcecode.swift; path = InventoryReceiptDetailsVC.swift; sourceTree = "<group>"; };
		92F308602024F1D800CA930D /* DataSource_DetailsVC.swift */ = {isa = PBXFileReference; lastKnownFileType = sourcecode.swift; path = DataSource_DetailsVC.swift; sourceTree = "<group>"; };
		92F308622024F2C400CA930D /* Delegate_DetailsVC.swift */ = {isa = PBXFileReference; lastKnownFileType = sourcecode.swift; path = Delegate_DetailsVC.swift; sourceTree = "<group>"; };
		92F308642024F4A200CA930D /* RmaDetailCell.swift */ = {isa = PBXFileReference; lastKnownFileType = sourcecode.swift; path = RmaDetailCell.swift; sourceTree = "<group>"; };
		92F308652024F4A200CA930D /* RmaDetailCell.xib */ = {isa = PBXFileReference; lastKnownFileType = file.xib; path = RmaDetailCell.xib; sourceTree = "<group>"; };
		92F308682024F4C100CA930D /* RmaContainerCell.swift */ = {isa = PBXFileReference; lastKnownFileType = sourcecode.swift; path = RmaContainerCell.swift; sourceTree = "<group>"; };
		92F308692024F4C100CA930D /* RmaContainerCell.xib */ = {isa = PBXFileReference; lastKnownFileType = file.xib; path = RmaContainerCell.xib; sourceTree = "<group>"; };
		92F3086D20258B7500CA930D /* InternalNotesViewController.swift */ = {isa = PBXFileReference; lastKnownFileType = sourcecode.swift; path = InternalNotesViewController.swift; sourceTree = "<group>"; };
		92F3087020258DCA00CA930D /* CustomProtocols.swift */ = {isa = PBXFileReference; lastKnownFileType = sourcecode.swift; path = CustomProtocols.swift; sourceTree = "<group>"; };
		92F308722025A9A800CA930D /* InternalNoteCell.swift */ = {isa = PBXFileReference; lastKnownFileType = sourcecode.swift; path = InternalNoteCell.swift; sourceTree = "<group>"; };
		92F308732025A9A800CA930D /* InternalNoteCell.xib */ = {isa = PBXFileReference; lastKnownFileType = file.xib; path = InternalNoteCell.xib; sourceTree = "<group>"; };
		92F6B56E208F22AA00F2E61C /* MessageUI.framework */ = {isa = PBXFileReference; lastKnownFileType = wrapper.framework; name = MessageUI.framework; path = System/Library/Frameworks/MessageUI.framework; sourceTree = SDKROOT; };
		CE0906F99B8C102E1A47C8C0 /* Pods-IVE Inventory.release.xcconfig */ = {isa = PBXFileReference; includeInIndex = 1; lastKnownFileType = text.xcconfig; name = "Pods-IVE Inventory.release.xcconfig"; path = "Pods/Target Support Files/Pods-IVE Inventory/Pods-IVE Inventory.release.xcconfig"; sourceTree = "<group>"; };
		D00225CD200131B4001EAD9C /* ScanManager.swift */ = {isa = PBXFileReference; fileEncoding = 4; lastKnownFileType = sourcecode.swift; path = ScanManager.swift; sourceTree = "<group>"; };
		D0C3EDB31FFF46B9005DA4A0 /* SetUpViewController.swift */ = {isa = PBXFileReference; lastKnownFileType = sourcecode.swift; path = SetUpViewController.swift; sourceTree = "<group>"; };
		D0C3EDB71FFF46CB005DA4A0 /* UserDetailViewController.swift */ = {isa = PBXFileReference; lastKnownFileType = sourcecode.swift; path = UserDetailViewController.swift; sourceTree = "<group>"; };
		D923680D55883DFA925F5DE5 /* Pods_IVE_Inventory.framework */ = {isa = PBXFileReference; explicitFileType = wrapper.framework; includeInIndex = 0; path = Pods_IVE_Inventory.framework; sourceTree = BUILT_PRODUCTS_DIR; };
		F86DA76BB7FF79E08121DFB8 /* Pods-IVE Inventory.debug.xcconfig */ = {isa = PBXFileReference; includeInIndex = 1; lastKnownFileType = text.xcconfig; name = "Pods-IVE Inventory.debug.xcconfig"; path = "Pods/Target Support Files/Pods-IVE Inventory/Pods-IVE Inventory.debug.xcconfig"; sourceTree = "<group>"; };
/* End PBXFileReference section */

/* Begin PBXFrameworksBuildPhase section */
		9234116D1FEA166900BC82E0 /* Frameworks */ = {
			isa = PBXFrameworksBuildPhase;
			buildActionMask = 2147483647;
			files = (
				92F6B56F208F22AA00F2E61C /* MessageUI.framework in Frameworks */,
				92181FE91FF785C300950F56 /* LocalAuthentication.framework in Frameworks */,
				0A2BB94BA46B8DE768AC82D9 /* Pods_IVE_Inventory.framework in Frameworks */,
			);
			runOnlyForDeploymentPostprocessing = 0;
		};
/* End PBXFrameworksBuildPhase section */

/* Begin PBXGroup section */
		83DCAB307FF54D7271531E77 /* Pods */ = {
			isa = PBXGroup;
			children = (
				F86DA76BB7FF79E08121DFB8 /* Pods-IVE Inventory.debug.xcconfig */,
				CE0906F99B8C102E1A47C8C0 /* Pods-IVE Inventory.release.xcconfig */,
			);
			name = Pods;
			sourceTree = "<group>";
		};
		92146D972020E422007CDBA7 /* UtilityFiles */ = {
			isa = PBXGroup;
			children = (
				923A9087200297460024BFE6 /* IVE Inventory-Bridging-Header.h */,
				923B59B320585248006CAC46 /* JustHUD.swift */,
			);
			path = UtilityFiles;
			sourceTree = "<group>";
		};
		92172E22202CC21500F213FD /* InventoryReceiptViewController */ = {
			isa = PBXGroup;
			children = (
				920D01DF205CB74E00E3C6AB /* InventoryReceiptManager.swift */,
				92172E23202CC25700F213FD /* InventoryReceiptViewController.swift */,
				92172E2B202CC34600F213FD /* DataSource_InventoryReceipt.swift */,
				92172E2D202CC35B00F213FD /* Delegate_InventoryReceipt.swift */,
				92172E27202CC32700F213FD /* InventoryReceiptCell.swift */,
				92172E28202CC32700F213FD /* InventoryReceiptCell.xib */,
			);
			name = InventoryReceiptViewController;
			sourceTree = "<group>";
		};
		92181FEA1FF785E700950F56 /* LocalAuthentication */ = {
			isa = PBXGroup;
			children = (
				92181FEB1FF7861400950F56 /* LocalAuthenticationManager.swift */,
			);
			name = LocalAuthentication;
			sourceTree = "<group>";
		};
		922712AA1FF14C42002E6190 /* DetailsViewController */ = {
			isa = PBXGroup;
			children = (
				922712AB1FF14C76002E6190 /* DetailsViewController.swift */,
				92F308602024F1D800CA930D /* DataSource_DetailsVC.swift */,
				92F308622024F2C400CA930D /* Delegate_DetailsVC.swift */,
				92F308642024F4A200CA930D /* RmaDetailCell.swift */,
				92F308652024F4A200CA930D /* RmaDetailCell.xib */,
				92F308682024F4C100CA930D /* RmaContainerCell.swift */,
				92F308692024F4C100CA930D /* RmaContainerCell.xib */,
				92D40272202391BF004F143F /* CustomerView.swift */,
				92D40274202391D9004F143F /* CustomerView.xib */,
				92D40276202396CE004F143F /* InventoryView.swift */,
				92D40278202396E3004F143F /* InventoryView.xib */,
			);
			name = DetailsViewController;
			sourceTree = "<group>";
		};
		922AEA381FFBF4ED004246F9 /* NetworkManager */ = {
			isa = PBXGroup;
			children = (
				D00225CD200131B4001EAD9C /* ScanManager.swift */,
				922AEA391FFBF526004246F9 /* NetworkManager.swift */,
			);
			path = NetworkManager;
			sourceTree = "<group>";
		};
		922B94FF1FEABE5E00C176B4 /* Extension */ = {
			isa = PBXGroup;
			children = (
				922AEA321FFBF4D6004246F9 /* CGFloat+Extension.swift */,
				922AEA311FFBF4D6004246F9 /* UIBarButtonItem+Extension.swift */,
				922AEA301FFBF4D6004246F9 /* UIColor+Extension.swift */,
				922AEA2E1FFBF4D6004246F9 /* UIImageView+Extension.swift */,
				922AEA2F1FFBF4D6004246F9 /* UIView+Extension.swift */,
				923BC6EC1FFE682900134E0D /* UILabel+Extension.swift */,
				92BAF511200AC19E008FCFC3 /* UIViewController+Extension.swift */,
				925B82652027789B0023A0A7 /* UIButton+Extension.swift */,
				925F43A72060B61A00824A45 /* UIImage+Extension.swift */,
			);
			name = Extension;
			sourceTree = "<group>";
		};
		922B950A1FEABECB00C176B4 /* Constants */ = {
			isa = PBXGroup;
			children = (
				922AEA2C1FFBF4C5004246F9 /* DrConstants.swift */,
				92472528200E5F3400C34B42 /* IVEStruct.swift */,
				920D01E1205CB82800E3C6AB /* IVEReceipt.swift */,
				923C3201208E41F3009233D6 /* IVEVendor.swift */,
			);
			name = Constants;
			sourceTree = "<group>";
		};
		922B950B1FEF469800C176B4 /* MenuViewController */ = {
			isa = PBXGroup;
			children = (
				923411751FEA166900BC82E0 /* MenuViewController.swift */,
				922B950C1FEF46B600C176B4 /* MenuViewDataSource.swift */,
				922B950D1FEF46B600C176B4 /* MenuViewDelegate.swift */,
				922B950E1FEF46B600C176B4 /* MenuMainCell.swift */,
				922B950F1FEF46B600C176B4 /* MenuMainCell.xib */,
				922B95101FEF46B600C176B4 /* MenuCell.swift */,
				922B95111FEF46B600C176B4 /* MenuCell.xib */,
				922B95121FEF46B600C176B4 /* HeaderView.swift */,
				922B95131FEF46B600C176B4 /* HeaderView.xib */,
			);
			name = MenuViewController;
			sourceTree = "<group>";
		};
		922B951C1FEF488C00C176B4 /* Fonts */ = {
			isa = PBXGroup;
			children = (
				922AEA131FFBF497004246F9 /* SF-UI-Display-Black.otf */,
				922AEA041FFBF485004246F9 /* SF-UI-Display-Bold.otf */,
				922AEA071FFBF489004246F9 /* SF-UI-Display-Heavy.otf */,
				922AEA121FFBF497004246F9 /* SF-UI-Display-Light.otf */,
				922AEA091FFBF48C004246F9 /* SF-UI-Display-Medium.otf */,
				922AEA081FFBF48B004246F9 /* SF-UI-Display-Regular.otf */,
				922AEA0F1FFBF496004246F9 /* SF-UI-Display-Semibold.otf */,
				922AEA101FFBF496004246F9 /* SF-UI-Display-Thin.otf */,
				922AEA111FFBF496004246F9 /* SF-UI-Display-Ultralight.otf */,
				922AEA061FFBF488004246F9 /* SF-UI-Text-Bold.otf */,
				922AEA031FFBF484004246F9 /* SF-UI-Text-BoldItalic.otf */,
				922AEA051FFBF487004246F9 /* SF-UI-Text-Heavy.otf */,
				922AE9FF1FFBF47F004246F9 /* SF-UI-Text-HeavyItalic.otf */,
				922AEA0E1FFBF493004246F9 /* SF-UI-Text-Light.otf */,
				922AEA0D1FFBF492004246F9 /* SF-UI-Text-LightItalic.otf */,
				922AEA021FFBF483004246F9 /* SF-UI-Text-Medium.otf */,
				922AEA141FFBF497004246F9 /* SF-UI-Text-MediumItalic.otf */,
				922AEA0A1FFBF48E004246F9 /* SF-UI-Text-Regular.otf */,
				922AE9FE1FFBF47E004246F9 /* SF-UI-Text-RegularItalic.otf */,
				922AEA001FFBF480004246F9 /* SF-UI-Text-Semibold.otf */,
				922AEA011FFBF481004246F9 /* SF-UI-Text-SemiboldItalic.otf */,
				922AEA0B1FFBF48F004246F9 /* SF-UI-Text-Ultrathin.otf */,
				922AEA0C1FFBF490004246F9 /* SF-UI-Text-UltrathinItalic.otf */,
			);
			name = Fonts;
			sourceTree = "<group>";
		};
		922B954B1FEF6ACD00C176B4 /* ReturnViewController */ = {
			isa = PBXGroup;
			children = (
				923C2A0A1FEFEDB400D805B0 /* ReturnViewManager.swift */,
				922B954C1FEF6B0A00C176B4 /* ReturnViewController.swift */,
				923C29FE1FEFD1C100D805B0 /* ReturnDataSource.swift */,
				923C2A001FEFD1D300D805B0 /* ReturnDelegate.swift */,
				923C2A0C1FF00CDF00D805B0 /* ReturnSearchDelegate.swift */,
				923C2A021FEFD29C00D805B0 /* ReturnCell.swift */,
				923C2A031FEFD29C00D805B0 /* ReturnCell.xib */,
			);
			name = ReturnViewController;
			sourceTree = "<group>";
		};
		9231D2FE1FF6AA1C0055F6B1 /* RegisterViewController */ = {
			isa = PBXGroup;
			children = (
				9231D3021FF6AA870055F6B1 /* RegisterViewController.swift */,
			);
			name = RegisterViewController;
			sourceTree = "<group>";
		};
		9231D2FF1FF6AA260055F6B1 /* LoginViewController */ = {
			isa = PBXGroup;
			children = (
				9231D3001FF6AA720055F6B1 /* LoginViewController.swift */,
			);
			name = LoginViewController;
			sourceTree = "<group>";
		};
		9231D3041FF6B3130055F6B1 /* IBInspectable */ = {
			isa = PBXGroup;
			children = (
				9231D3051FF6B3490055F6B1 /* UITextField-Inspectable.swift */,
			);
			path = IBInspectable;
			sourceTree = "<group>";
		};
		923411671FEA166900BC82E0 = {
			isa = PBXGroup;
			children = (
				92F3086F20258DB400CA930D /* CustomProtocols */,
				92146D972020E422007CDBA7 /* UtilityFiles */,
				923A9088200297ED0024BFE6 /* Printer */,
				922AEA381FFBF4ED004246F9 /* NetworkManager */,
				9231D3041FF6B3130055F6B1 /* IBInspectable */,
				922B951C1FEF488C00C176B4 /* Fonts */,
				922B950A1FEABECB00C176B4 /* Constants */,
				922B94FF1FEABE5E00C176B4 /* Extension */,
				923411721FEA166900BC82E0 /* IVE Inventory */,
				923411711FEA166900BC82E0 /* Products */,
				D1677139AF4570E56863EE67 /* Frameworks */,
				83DCAB307FF54D7271531E77 /* Pods */,
			);
			sourceTree = "<group>";
		};
		923411711FEA166900BC82E0 /* Products */ = {
			isa = PBXGroup;
			children = (
				923411701FEA166900BC82E0 /* IVE Inventory.app */,
			);
			name = Products;
			sourceTree = "<group>";
		};
		923411721FEA166900BC82E0 /* IVE Inventory */ = {
			isa = PBXGroup;
			children = (
				923411731FEA166900BC82E0 /* AppDelegate.swift */,
				92E294D5208ECB1D0025A9D6 /* VendorsRmaStatusVC */,
				923C31FC208E3FA9009233D6 /* VendorsViewController */,
				92D33D292056342800F8FFD5 /* VendorSelectionVC */,
				92E672CC202D3DE400AC53E1 /* InventoryReceiptDetailsVC */,
				92172E22202CC21500F213FD /* InventoryReceiptViewController */,
				92181FEA1FF785E700950F56 /* LocalAuthentication */,
				922B950B1FEF469800C176B4 /* MenuViewController */,
				922B954B1FEF6ACD00C176B4 /* ReturnViewController */,
				925B8262202773F70023A0A7 /* ScannerViewController */,
				922712AA1FF14C42002E6190 /* DetailsViewController */,
				92F3086C20258B4B00CA930D /* InternalNotesViewController */,
				9231D2FF1FF6AA260055F6B1 /* LoginViewController */,
				9231D2FE1FF6AA1C0055F6B1 /* RegisterViewController */,
				D0C3EDB11FFF469F005DA4A0 /* SetUpViewController */,
				D0C3EDB21FFF469F005DA4A0 /* UserDetailViewController */,
				92D79E072014B8000083E5CE /* BottomTrayViewController */,
				923411771FEA166900BC82E0 /* Main.storyboard */,
				923A9085200267450024BFE6 /* Assets.xcassets */,
				9234117C1FEA166900BC82E0 /* LaunchScreen.storyboard */,
				9234117F1FEA166900BC82E0 /* Info.plist */,
			);
			path = "IVE Inventory";
			sourceTree = "<group>";
		};
		923A9088200297ED0024BFE6 /* Printer */ = {
			isa = PBXGroup;
			children = (
				923A90912002B5620024BFE6 /* NDHTMLtoPDF.h */,
				923A90902002B5620024BFE6 /* NDHTMLtoPDF.m */,
				923A908C200299D20024BFE6 /* WirelessPrinterManager.swift */,
			);
			path = Printer;
			sourceTree = "<group>";
		};
		923C31FC208E3FA9009233D6 /* VendorsViewController */ = {
			isa = PBXGroup;
			children = (
				923C31FD208E3FE9009233D6 /* VendorsViewController.swift */,
				923C3203208E4DC7009233D6 /* VendorsCell.swift */,
				923C3204208E4DC7009233D6 /* VendorsCell.xib */,
				923C3207208E541D009233D6 /* VendorManager.swift */,
			);
			name = VendorsViewController;
			sourceTree = "<group>";
		};
		925B8262202773F70023A0A7 /* ScannerViewController */ = {
			isa = PBXGroup;
			children = (
				925B8263202774110023A0A7 /* ScannerViewController.swift */,
			);
			name = ScannerViewController;
			sourceTree = "<group>";
		};
		92D33D292056342800F8FFD5 /* VendorSelectionVC */ = {
			isa = PBXGroup;
			children = (
				92D33D2A2056348300F8FFD5 /* VendorSelectionVC.swift */,
				92D33D2B2056348300F8FFD5 /* VendorSelectionVC.xib */,
			);
			name = VendorSelectionVC;
			sourceTree = "<group>";
		};
		92D79E072014B8000083E5CE /* BottomTrayViewController */ = {
			isa = PBXGroup;
			children = (
				92D79E082014B83C0083E5CE /* BottomTrayViewController.swift */,
				92D79E0A2014BE5F0083E5CE /* BottomTrayCell.swift */,
				92D79E0B2014BE5F0083E5CE /* BottomTrayCell.xib */,
				9203D0AE201DD3A600FB2F7E /* ImageCell.swift */,
				9203D0AF201DD3A600FB2F7E /* ImageCell.xib */,
			);
			name = BottomTrayViewController;
			sourceTree = "<group>";
		};
		92E294D5208ECB1D0025A9D6 /* VendorsRmaStatusVC */ = {
			isa = PBXGroup;
			children = (
				92E294D6208ECB580025A9D6 /* VendorsRmaStatusVC.swift */,
				92E294DA208ED0740025A9D6 /* RmaStatusCell.swift */,
				92E294DB208ED0740025A9D6 /* RmaStatusCell.xib */,
			);
			name = VendorsRmaStatusVC;
			sourceTree = "<group>";
		};
		92E672CC202D3DE400AC53E1 /* InventoryReceiptDetailsVC */ = {
			isa = PBXGroup;
			children = (
				92E672CD202D3E3600AC53E1 /* InventoryReceiptDetailsVC.swift */,
			);
			name = InventoryReceiptDetailsVC;
			sourceTree = "<group>";
		};
		92F3086C20258B4B00CA930D /* InternalNotesViewController */ = {
			isa = PBXGroup;
			children = (
				92F3086D20258B7500CA930D /* InternalNotesViewController.swift */,
				92F308722025A9A800CA930D /* InternalNoteCell.swift */,
				92F308732025A9A800CA930D /* InternalNoteCell.xib */,
			);
			name = InternalNotesViewController;
			sourceTree = "<group>";
		};
		92F3086F20258DB400CA930D /* CustomProtocols */ = {
			isa = PBXGroup;
			children = (
				92F3087020258DCA00CA930D /* CustomProtocols.swift */,
			);
			path = CustomProtocols;
			sourceTree = "<group>";
		};
		D0C3EDB11FFF469F005DA4A0 /* SetUpViewController */ = {
			isa = PBXGroup;
			children = (
				D0C3EDB31FFF46B9005DA4A0 /* SetUpViewController.swift */,
				92BAF515200BA73A008FCFC3 /* SetUpDataSource.swift */,
				92BAF517200BA74E008FCFC3 /* SetUpDelegate.swift */,
				92BAF519200BAA1D008FCFC3 /* SetUpCell.swift */,
				92BAF51A200BAA1D008FCFC3 /* SetUpCell.xib */,
			);
			path = SetUpViewController;
			sourceTree = "<group>";
		};
		D0C3EDB21FFF469F005DA4A0 /* UserDetailViewController */ = {
			isa = PBXGroup;
			children = (
				D0C3EDB71FFF46CB005DA4A0 /* UserDetailViewController.swift */,
			);
			path = UserDetailViewController;
			sourceTree = "<group>";
		};
		D1677139AF4570E56863EE67 /* Frameworks */ = {
			isa = PBXGroup;
			children = (
				92F6B56E208F22AA00F2E61C /* MessageUI.framework */,
				92181FE81FF785B900950F56 /* LocalAuthentication.framework */,
				D923680D55883DFA925F5DE5 /* Pods_IVE_Inventory.framework */,
			);
			name = Frameworks;
			sourceTree = "<group>";
		};
/* End PBXGroup section */

/* Begin PBXNativeTarget section */
		9234116F1FEA166900BC82E0 /* IVE Inventory */ = {
			isa = PBXNativeTarget;
			buildConfigurationList = 923411821FEA166900BC82E0 /* Build configuration list for PBXNativeTarget "IVE Inventory" */;
			buildPhases = (
				1EE98A7896FA84968374E225 /* [CP] Check Pods Manifest.lock */,
				9234116C1FEA166900BC82E0 /* Sources */,
				9234116D1FEA166900BC82E0 /* Frameworks */,
				9234116E1FEA166900BC82E0 /* Resources */,
				4A3B6C152B929D922F592E50 /* [CP] Embed Pods Frameworks */,
				9C1FDBA3A11DCC2B559081C9 /* [CP] Copy Pods Resources */,
			);
			buildRules = (
			);
			dependencies = (
			);
			name = "IVE Inventory";
			productName = "IVE Inventory";
			productReference = 923411701FEA166900BC82E0 /* IVE Inventory.app */;
			productType = "com.apple.product-type.application";
		};
/* End PBXNativeTarget section */

/* Begin PBXProject section */
		923411681FEA166900BC82E0 /* Project object */ = {
			isa = PBXProject;
			attributes = {
				LastSwiftUpdateCheck = 0830;
				LastUpgradeCheck = 0830;
				ORGANIZATIONNAME = Sanjay;
				TargetAttributes = {
					9234116F1FEA166900BC82E0 = {
						CreatedOnToolsVersion = 8.3.3;
						DevelopmentTeam = LUD6M4KSYM;
						ProvisioningStyle = Manual;
						SystemCapabilities = {
							com.apple.BackgroundModes = {
								enabled = 0;
							};
						};
					};
				};
			};
			buildConfigurationList = 9234116B1FEA166900BC82E0 /* Build configuration list for PBXProject "IVE Inventory" */;
			compatibilityVersion = "Xcode 3.2";
			developmentRegion = English;
			hasScannedForEncodings = 0;
			knownRegions = (
				en,
				Base,
			);
			mainGroup = 923411671FEA166900BC82E0;
			productRefGroup = 923411711FEA166900BC82E0 /* Products */;
			projectDirPath = "";
			projectRoot = "";
			targets = (
				9234116F1FEA166900BC82E0 /* IVE Inventory */,
			);
		};
/* End PBXProject section */

/* Begin PBXResourcesBuildPhase section */
		9234116E1FEA166900BC82E0 /* Resources */ = {
			isa = PBXResourcesBuildPhase;
			buildActionMask = 2147483647;
			files = (
				922AEA1F1FFBF498004246F9 /* SF-UI-Display-Regular.otf in Resources */,
				92D40279202396E3004F143F /* InventoryView.xib in Resources */,
				922AEA231FFBF498004246F9 /* SF-UI-Text-UltrathinItalic.otf in Resources */,
				92F3086B2024F4C100CA930D /* RmaContainerCell.xib in Resources */,
				922AEA181FFBF497004246F9 /* SF-UI-Text-SemiboldItalic.otf in Resources */,
				922AEA1B1FFBF497004246F9 /* SF-UI-Display-Bold.otf in Resources */,
				922AEA271FFBF498004246F9 /* SF-UI-Display-Thin.otf in Resources */,
				923C2A051FEFD29C00D805B0 /* ReturnCell.xib in Resources */,
				92E294DD208ED0740025A9D6 /* RmaStatusCell.xib in Resources */,
				922AEA191FFBF497004246F9 /* SF-UI-Text-Medium.otf in Resources */,
				92D79E0D2014BE5F0083E5CE /* BottomTrayCell.xib in Resources */,
				922AEA211FFBF498004246F9 /* SF-UI-Text-Regular.otf in Resources */,
				922AEA291FFBF498004246F9 /* SF-UI-Display-Light.otf in Resources */,
				922AEA161FFBF497004246F9 /* SF-UI-Text-HeavyItalic.otf in Resources */,
				9234117E1FEA166900BC82E0 /* LaunchScreen.storyboard in Resources */,
				922AEA171FFBF497004246F9 /* SF-UI-Text-Semibold.otf in Resources */,
				922AEA281FFBF498004246F9 /* SF-UI-Display-Ultralight.otf in Resources */,
				923A9086200267470024BFE6 /* Assets.xcassets in Resources */,
				922AEA241FFBF498004246F9 /* SF-UI-Text-LightItalic.otf in Resources */,
				922AEA221FFBF498004246F9 /* SF-UI-Text-Ultrathin.otf in Resources */,
				923C3206208E4DC7009233D6 /* VendorsCell.xib in Resources */,
				9203D0B1201DD3A600FB2F7E /* ImageCell.xib in Resources */,
				922AEA2A1FFBF498004246F9 /* SF-UI-Display-Black.otf in Resources */,
				922B95171FEF46B600C176B4 /* MenuMainCell.xib in Resources */,
				922AEA1D1FFBF498004246F9 /* SF-UI-Text-Bold.otf in Resources */,
				922AEA2B1FFBF498004246F9 /* SF-UI-Text-MediumItalic.otf in Resources */,
				922AEA1A1FFBF497004246F9 /* SF-UI-Text-BoldItalic.otf in Resources */,
				922AEA201FFBF498004246F9 /* SF-UI-Display-Medium.otf in Resources */,
				92172E2A202CC32700F213FD /* InventoryReceiptCell.xib in Resources */,
				92D40275202391D9004F143F /* CustomerView.xib in Resources */,
				922B951B1FEF46B600C176B4 /* HeaderView.xib in Resources */,
				92F308752025A9A800CA930D /* InternalNoteCell.xib in Resources */,
				92BAF51C200BAA1D008FCFC3 /* SetUpCell.xib in Resources */,
				922AEA261FFBF498004246F9 /* SF-UI-Display-Semibold.otf in Resources */,
				92F308672024F4A200CA930D /* RmaDetailCell.xib in Resources */,
				922AEA1C1FFBF498004246F9 /* SF-UI-Text-Heavy.otf in Resources */,
				922AEA1E1FFBF498004246F9 /* SF-UI-Display-Heavy.otf in Resources */,
				92D33D2D2056348300F8FFD5 /* VendorSelectionVC.xib in Resources */,
				922AEA251FFBF498004246F9 /* SF-UI-Text-Light.otf in Resources */,
				923411791FEA166900BC82E0 /* Main.storyboard in Resources */,
				922AEA151FFBF497004246F9 /* SF-UI-Text-RegularItalic.otf in Resources */,
				922B95191FEF46B600C176B4 /* MenuCell.xib in Resources */,
			);
			runOnlyForDeploymentPostprocessing = 0;
		};
/* End PBXResourcesBuildPhase section */

/* Begin PBXShellScriptBuildPhase section */
		1EE98A7896FA84968374E225 /* [CP] Check Pods Manifest.lock */ = {
			isa = PBXShellScriptBuildPhase;
			buildActionMask = 2147483647;
			files = (
			);
			inputPaths = (
				"${PODS_PODFILE_DIR_PATH}/Podfile.lock",
				"${PODS_ROOT}/Manifest.lock",
			);
			name = "[CP] Check Pods Manifest.lock";
			outputPaths = (
				"$(DERIVED_FILE_DIR)/Pods-IVE Inventory-checkManifestLockResult.txt",
			);
			runOnlyForDeploymentPostprocessing = 0;
			shellPath = /bin/sh;
			shellScript = "diff \"${PODS_PODFILE_DIR_PATH}/Podfile.lock\" \"${PODS_ROOT}/Manifest.lock\" > /dev/null\nif [ $? != 0 ] ; then\n    # print error to STDERR\n    echo \"error: The sandbox is not in sync with the Podfile.lock. Run 'pod install' or update your CocoaPods installation.\" >&2\n    exit 1\nfi\n# This output is used by Xcode 'outputs' to avoid re-running this script phase.\necho \"SUCCESS\" > \"${SCRIPT_OUTPUT_FILE_0}\"\n";
			showEnvVarsInLog = 0;
		};
		4A3B6C152B929D922F592E50 /* [CP] Embed Pods Frameworks */ = {
			isa = PBXShellScriptBuildPhase;
			buildActionMask = 2147483647;
			files = (
			);
			inputPaths = (
				"${SRCROOT}/Pods/Target Support Files/Pods-IVE Inventory/Pods-IVE Inventory-frameworks.sh",
				"${BUILT_PRODUCTS_DIR}/Alamofire/Alamofire.framework",
				"${BUILT_PRODUCTS_DIR}/IQKeyboardManagerSwift/IQKeyboardManagerSwift.framework",
				"${BUILT_PRODUCTS_DIR}/Material/Material.framework",
				"${BUILT_PRODUCTS_DIR}/Motion/Motion.framework",
				"${BUILT_PRODUCTS_DIR}/SDWebImage/SDWebImage.framework",
				"${BUILT_PRODUCTS_DIR}/SkeletonView/SkeletonView.framework",
			);
			name = "[CP] Embed Pods Frameworks";
			outputPaths = (
				"${TARGET_BUILD_DIR}/${FRAMEWORKS_FOLDER_PATH}/Alamofire.framework",
				"${TARGET_BUILD_DIR}/${FRAMEWORKS_FOLDER_PATH}/IQKeyboardManagerSwift.framework",
				"${TARGET_BUILD_DIR}/${FRAMEWORKS_FOLDER_PATH}/Material.framework",
				"${TARGET_BUILD_DIR}/${FRAMEWORKS_FOLDER_PATH}/Motion.framework",
				"${TARGET_BUILD_DIR}/${FRAMEWORKS_FOLDER_PATH}/SDWebImage.framework",
				"${TARGET_BUILD_DIR}/${FRAMEWORKS_FOLDER_PATH}/SkeletonView.framework",
			);
			runOnlyForDeploymentPostprocessing = 0;
			shellPath = /bin/sh;
			shellScript = "\"${SRCROOT}/Pods/Target Support Files/Pods-IVE Inventory/Pods-IVE Inventory-frameworks.sh\"\n";
			showEnvVarsInLog = 0;
		};
		9C1FDBA3A11DCC2B559081C9 /* [CP] Copy Pods Resources */ = {
			isa = PBXShellScriptBuildPhase;
			buildActionMask = 2147483647;
			files = (
			);
			inputPaths = (
			);
			name = "[CP] Copy Pods Resources";
			outputPaths = (
			);
			runOnlyForDeploymentPostprocessing = 0;
			shellPath = /bin/sh;
			shellScript = "\"${SRCROOT}/Pods/Target Support Files/Pods-IVE Inventory/Pods-IVE Inventory-resources.sh\"\n";
			showEnvVarsInLog = 0;
		};
/* End PBXShellScriptBuildPhase section */

/* Begin PBXSourcesBuildPhase section */
		9234116C1FEA166900BC82E0 /* Sources */ = {
			isa = PBXSourcesBuildPhase;
			buildActionMask = 2147483647;
			files = (
				92BAF516200BA73A008FCFC3 /* SetUpDataSource.swift in Sources */,
				92F3087120258DCA00CA930D /* CustomProtocols.swift in Sources */,
				92D79E0C2014BE5F0083E5CE /* BottomTrayCell.swift in Sources */,
				D0C3EDB51FFF46B9005DA4A0 /* SetUpViewController.swift in Sources */,
				92BAF518200BA74E008FCFC3 /* SetUpDelegate.swift in Sources */,
				9231D3011FF6AA720055F6B1 /* LoginViewController.swift in Sources */,
				92BAF51B200BAA1D008FCFC3 /* SetUpCell.swift in Sources */,
				920D01E0205CB74E00E3C6AB /* InventoryReceiptManager.swift in Sources */,
				923C3202208E41F4009233D6 /* IVEVendor.swift in Sources */,
				925B8264202774110023A0A7 /* ScannerViewController.swift in Sources */,
				92F308632024F2C400CA930D /* Delegate_DetailsVC.swift in Sources */,
				9231D3031FF6AA870055F6B1 /* RegisterViewController.swift in Sources */,
				922AEA371FFBF4D6004246F9 /* CGFloat+Extension.swift in Sources */,
				92472529200E5F3400C34B42 /* IVEStruct.swift in Sources */,
				92181FEC1FF7861400950F56 /* LocalAuthenticationManager.swift in Sources */,
				92D40273202391BF004F143F /* CustomerView.swift in Sources */,
				92E294DC208ED0740025A9D6 /* RmaStatusCell.swift in Sources */,
				922AEA351FFBF4D6004246F9 /* UIColor+Extension.swift in Sources */,
				92F308612024F1D800CA930D /* DataSource_DetailsVC.swift in Sources */,
				923411761FEA166900BC82E0 /* MenuViewController.swift in Sources */,
				92F3086E20258B7500CA930D /* InternalNotesViewController.swift in Sources */,
				923A908D200299D20024BFE6 /* WirelessPrinterManager.swift in Sources */,
				922B95141FEF46B600C176B4 /* MenuViewDataSource.swift in Sources */,
				92F308662024F4A200CA930D /* RmaDetailCell.swift in Sources */,
				923C3208208E541D009233D6 /* VendorManager.swift in Sources */,
				923A90922002B5630024BFE6 /* NDHTMLtoPDF.m in Sources */,
				923C2A0D1FF00CDF00D805B0 /* ReturnSearchDelegate.swift in Sources */,
				922B95181FEF46B600C176B4 /* MenuCell.swift in Sources */,
				92BAF512200AC19E008FCFC3 /* UIViewController+Extension.swift in Sources */,
				92E294D8208ECB580025A9D6 /* VendorsRmaStatusVC.swift in Sources */,
				922AEA2D1FFBF4C5004246F9 /* DrConstants.swift in Sources */,
				925F43A82060B61A00824A45 /* UIImage+Extension.swift in Sources */,
				922AEA361FFBF4D6004246F9 /* UIBarButtonItem+Extension.swift in Sources */,
				92172E29202CC32700F213FD /* InventoryReceiptCell.swift in Sources */,
				923C29FF1FEFD1C100D805B0 /* ReturnDataSource.swift in Sources */,
				923411741FEA166900BC82E0 /* AppDelegate.swift in Sources */,
				92D79E092014B83C0083E5CE /* BottomTrayViewController.swift in Sources */,
				D0C3EDB91FFF46CB005DA4A0 /* UserDetailViewController.swift in Sources */,
				92172E2C202CC34600F213FD /* DataSource_InventoryReceipt.swift in Sources */,
				922AEA331FFBF4D6004246F9 /* UIImageView+Extension.swift in Sources */,
				922B951A1FEF46B600C176B4 /* HeaderView.swift in Sources */,
				920D01E2205CB82800E3C6AB /* IVEReceipt.swift in Sources */,
				925B82662027789B0023A0A7 /* UIButton+Extension.swift in Sources */,
				922B95161FEF46B600C176B4 /* MenuMainCell.swift in Sources */,
				D00225CE200131B4001EAD9C /* ScanManager.swift in Sources */,
				923C2A041FEFD29C00D805B0 /* ReturnCell.swift in Sources */,
				92D40277202396CE004F143F /* InventoryView.swift in Sources */,
				923B59B420585249006CAC46 /* JustHUD.swift in Sources */,
				92F308742025A9A800CA930D /* InternalNoteCell.swift in Sources */,
				9203D0B0201DD3A600FB2F7E /* ImageCell.swift in Sources */,
				92172E2E202CC35B00F213FD /* Delegate_InventoryReceipt.swift in Sources */,
				922B95151FEF46B600C176B4 /* MenuViewDelegate.swift in Sources */,
				922AEA341FFBF4D6004246F9 /* UIView+Extension.swift in Sources */,
				92E672CE202D3E3600AC53E1 /* InventoryReceiptDetailsVC.swift in Sources */,
				923C31FF208E3FE9009233D6 /* VendorsViewController.swift in Sources */,
				9231D3061FF6B3490055F6B1 /* UITextField-Inspectable.swift in Sources */,
				92D33D2C2056348300F8FFD5 /* VendorSelectionVC.swift in Sources */,
				92F3086A2024F4C100CA930D /* RmaContainerCell.swift in Sources */,
				922B954D1FEF6B0A00C176B4 /* ReturnViewController.swift in Sources */,
				923C2A0B1FEFEDB400D805B0 /* ReturnViewManager.swift in Sources */,
				923C3205208E4DC7009233D6 /* VendorsCell.swift in Sources */,
				922AEA3A1FFBF526004246F9 /* NetworkManager.swift in Sources */,
				923C2A011FEFD1D300D805B0 /* ReturnDelegate.swift in Sources */,
				923BC6ED1FFE682900134E0D /* UILabel+Extension.swift in Sources */,
				92172E25202CC25700F213FD /* InventoryReceiptViewController.swift in Sources */,
				922712AC1FF14C76002E6190 /* DetailsViewController.swift in Sources */,
			);
			runOnlyForDeploymentPostprocessing = 0;
		};
/* End PBXSourcesBuildPhase section */

/* Begin PBXVariantGroup section */
		923411771FEA166900BC82E0 /* Main.storyboard */ = {
			isa = PBXVariantGroup;
			children = (
				923411781FEA166900BC82E0 /* Base */,
			);
			name = Main.storyboard;
			sourceTree = "<group>";
		};
		9234117C1FEA166900BC82E0 /* LaunchScreen.storyboard */ = {
			isa = PBXVariantGroup;
			children = (
				9234117D1FEA166900BC82E0 /* Base */,
			);
			name = LaunchScreen.storyboard;
			sourceTree = "<group>";
		};
/* End PBXVariantGroup section */

/* Begin XCBuildConfiguration section */
		923411801FEA166900BC82E0 /* Debug */ = {
			isa = XCBuildConfiguration;
			buildSettings = {
				ALWAYS_SEARCH_USER_PATHS = NO;
				CLANG_ANALYZER_NONNULL = YES;
				CLANG_ANALYZER_NUMBER_OBJECT_CONVERSION = YES_AGGRESSIVE;
				CLANG_CXX_LANGUAGE_STANDARD = "gnu++0x";
				CLANG_CXX_LIBRARY = "libc++";
				CLANG_ENABLE_MODULES = YES;
				CLANG_ENABLE_OBJC_ARC = YES;
				CLANG_WARN_BOOL_CONVERSION = YES;
				CLANG_WARN_CONSTANT_CONVERSION = YES;
				CLANG_WARN_DIRECT_OBJC_ISA_USAGE = YES_ERROR;
				CLANG_WARN_DOCUMENTATION_COMMENTS = YES;
				CLANG_WARN_EMPTY_BODY = YES;
				CLANG_WARN_ENUM_CONVERSION = YES;
				CLANG_WARN_INFINITE_RECURSION = YES;
				CLANG_WARN_INT_CONVERSION = YES;
				CLANG_WARN_OBJC_ROOT_CLASS = YES_ERROR;
				CLANG_WARN_SUSPICIOUS_MOVE = YES;
				CLANG_WARN_UNREACHABLE_CODE = YES;
				CLANG_WARN__DUPLICATE_METHOD_MATCH = YES;
				CODE_SIGN_IDENTITY = "iPhone Developer: SANJAY MORYA (7BEUL4M4EJ)";
				"CODE_SIGN_IDENTITY[sdk=iphoneos*]" = "iPhone Developer: SANJAY MORYA (7BEUL4M4EJ)";
				CODE_SIGN_STYLE = Manual;
				COPY_PHASE_STRIP = NO;
				DEBUG_INFORMATION_FORMAT = dwarf;
				DEVELOPMENT_TEAM = 48VSLARB6R;
				ENABLE_STRICT_OBJC_MSGSEND = YES;
				ENABLE_TESTABILITY = YES;
				GCC_C_LANGUAGE_STANDARD = gnu99;
				GCC_DYNAMIC_NO_PIC = NO;
				GCC_NO_COMMON_BLOCKS = YES;
				GCC_OPTIMIZATION_LEVEL = 0;
				GCC_PREPROCESSOR_DEFINITIONS = (
					"DEBUG=1",
					"$(inherited)",
				);
				GCC_WARN_64_TO_32_BIT_CONVERSION = YES;
				GCC_WARN_ABOUT_RETURN_TYPE = YES_ERROR;
				GCC_WARN_UNDECLARED_SELECTOR = YES;
				GCC_WARN_UNINITIALIZED_AUTOS = YES_AGGRESSIVE;
				GCC_WARN_UNUSED_FUNCTION = YES;
				GCC_WARN_UNUSED_VARIABLE = YES;
				IPHONEOS_DEPLOYMENT_TARGET = 10.0;
				MTL_ENABLE_DEBUG_INFO = YES;
				ONLY_ACTIVE_ARCH = YES;
				PROVISIONING_PROFILE = "b75b3dd6-c41f-4011-aa08-0520c92b50a0";
				PROVISIONING_PROFILE_SPECIFIER = "";
				SDKROOT = iphoneos;
				SWIFT_ACTIVE_COMPILATION_CONDITIONS = DEBUG;
				SWIFT_OBJC_BRIDGING_HEADER = "IVE Inventory-Bridging-Header.h";
				SWIFT_OPTIMIZATION_LEVEL = "-Onone";
				SWIFT_VERSION = 4.0;
			};
			name = Debug;
		};
		923411811FEA166900BC82E0 /* Release */ = {
			isa = XCBuildConfiguration;
			buildSettings = {
				ALWAYS_SEARCH_USER_PATHS = NO;
				CLANG_ANALYZER_NONNULL = YES;
				CLANG_ANALYZER_NUMBER_OBJECT_CONVERSION = YES_AGGRESSIVE;
				CLANG_CXX_LANGUAGE_STANDARD = "gnu++0x";
				CLANG_CXX_LIBRARY = "libc++";
				CLANG_ENABLE_MODULES = YES;
				CLANG_ENABLE_OBJC_ARC = YES;
				CLANG_WARN_BOOL_CONVERSION = YES;
				CLANG_WARN_CONSTANT_CONVERSION = YES;
				CLANG_WARN_DIRECT_OBJC_ISA_USAGE = YES_ERROR;
				CLANG_WARN_DOCUMENTATION_COMMENTS = YES;
				CLANG_WARN_EMPTY_BODY = YES;
				CLANG_WARN_ENUM_CONVERSION = YES;
				CLANG_WARN_INFINITE_RECURSION = YES;
				CLANG_WARN_INT_CONVERSION = YES;
				CLANG_WARN_OBJC_ROOT_CLASS = YES_ERROR;
				CLANG_WARN_SUSPICIOUS_MOVE = YES;
				CLANG_WARN_UNREACHABLE_CODE = YES;
				CLANG_WARN__DUPLICATE_METHOD_MATCH = YES;
				CODE_SIGN_IDENTITY = "iPhone Distribution: Appsomatic Inc";
				"CODE_SIGN_IDENTITY[sdk=iphoneos*]" = "iPhone Distribution: Appsomatic Inc";
				CODE_SIGN_STYLE = Manual;
				COPY_PHASE_STRIP = NO;
				DEBUG_INFORMATION_FORMAT = "dwarf-with-dsym";
				DEVELOPMENT_TEAM = LUD6M4KSYM;
				ENABLE_NS_ASSERTIONS = NO;
				ENABLE_STRICT_OBJC_MSGSEND = YES;
				GCC_C_LANGUAGE_STANDARD = gnu99;
				GCC_NO_COMMON_BLOCKS = YES;
				GCC_WARN_64_TO_32_BIT_CONVERSION = YES;
				GCC_WARN_ABOUT_RETURN_TYPE = YES_ERROR;
				GCC_WARN_UNDECLARED_SELECTOR = YES;
				GCC_WARN_UNINITIALIZED_AUTOS = YES_AGGRESSIVE;
				GCC_WARN_UNUSED_FUNCTION = YES;
				GCC_WARN_UNUSED_VARIABLE = YES;
				IPHONEOS_DEPLOYMENT_TARGET = 10.0;
				MTL_ENABLE_DEBUG_INFO = NO;
				PROVISIONING_PROFILE = "48622e6c-0d8b-4670-b803-486c4afc5725";
				PROVISIONING_PROFILE_SPECIFIER = "";
				SDKROOT = iphoneos;
				SWIFT_OBJC_BRIDGING_HEADER = "IVE Inventory-Bridging-Header.h";
				SWIFT_OPTIMIZATION_LEVEL = "-Owholemodule";
				SWIFT_VERSION = 4.0;
				VALIDATE_PRODUCT = YES;
			};
			name = Release;
		};
		923411831FEA166900BC82E0 /* Debug */ = {
			isa = XCBuildConfiguration;
			baseConfigurationReference = F86DA76BB7FF79E08121DFB8 /* Pods-IVE Inventory.debug.xcconfig */;
			buildSettings = {
				ASSETCATALOG_COMPILER_APPICON_NAME = AppIcon;
				CODE_SIGN_IDENTITY = "iPhone Developer: SANJAY MORYA (7BEUL4M4EJ)";
				"CODE_SIGN_IDENTITY[sdk=iphoneos*]" = "iPhone Developer: SANJAY MORYA (7BEUL4M4EJ)";
				CODE_SIGN_STYLE = Manual;
				DEVELOPMENT_TEAM = LUD6M4KSYM;
				INFOPLIST_FILE = "IVE Inventory/Info.plist";
				IPHONEOS_DEPLOYMENT_TARGET = 10.0;
				LD_RUNPATH_SEARCH_PATHS = "$(inherited) @executable_path/Frameworks";
				PRODUCT_BUNDLE_IDENTIFIER = com.appsomatic.IVE;
				PRODUCT_NAME = "$(TARGET_NAME)";
				PROVISIONING_PROFILE = "b75b3dd6-c41f-4011-aa08-0520c92b50a0";
				PROVISIONING_PROFILE_SPECIFIER = "IVE Dev Pro 04/01/18";
				SWIFT_OBJC_BRIDGING_HEADER = "UtilityFiles/IVE Inventory-Bridging-Header.h";
				SWIFT_VERSION = 4.0;
				TARGETED_DEVICE_FAMILY = "1,2";
			};
			name = Debug;
		};
		923411841FEA166900BC82E0 /* Release */ = {
			isa = XCBuildConfiguration;
			baseConfigurationReference = CE0906F99B8C102E1A47C8C0 /* Pods-IVE Inventory.release.xcconfig */;
			buildSettings = {
				ASSETCATALOG_COMPILER_APPICON_NAME = AppIcon;
				CODE_SIGN_IDENTITY = "iPhone Distribution: Appsomatic Inc";
				"CODE_SIGN_IDENTITY[sdk=iphoneos*]" = "iPhone Distribution: Appsomatic Inc";
				CODE_SIGN_STYLE = Manual;
				DEVELOPMENT_TEAM = LUD6M4KSYM;
				INFOPLIST_FILE = "IVE Inventory/Info.plist";
				IPHONEOS_DEPLOYMENT_TARGET = 10.0;
				LD_RUNPATH_SEARCH_PATHS = "$(inherited) @executable_path/Frameworks";
				PRODUCT_BUNDLE_IDENTIFIER = com.appsomatic.IVE;
				PRODUCT_NAME = "$(TARGET_NAME)";
				PROVISIONING_PROFILE = "48622e6c-0d8b-4670-b803-486c4afc5725";
				PROVISIONING_PROFILE_SPECIFIER = "";
				SWIFT_OBJC_BRIDGING_HEADER = "UtilityFiles/IVE Inventory-Bridging-Header.h";
				SWIFT_VERSION = 4.0;
				TARGETED_DEVICE_FAMILY = "1,2";
			};
			name = Release;
		};
/* End XCBuildConfiguration section */

/* Begin XCConfigurationList section */
		9234116B1FEA166900BC82E0 /* Build configuration list for PBXProject "IVE Inventory" */ = {
			isa = XCConfigurationList;
			buildConfigurations = (
				923411801FEA166900BC82E0 /* Debug */,
				923411811FEA166900BC82E0 /* Release */,
			);
			defaultConfigurationIsVisible = 0;
			defaultConfigurationName = Debug;
		};
		923411821FEA166900BC82E0 /* Build configuration list for PBXNativeTarget "IVE Inventory" */ = {
			isa = XCConfigurationList;
			buildConfigurations = (
				923411831FEA166900BC82E0 /* Debug */,
				923411841FEA166900BC82E0 /* Release */,
			);
			defaultConfigurationIsVisible = 0;
			defaultConfigurationName = Debug;
		};
/* End XCConfigurationList section */
	};
	rootObject = 923411681FEA166900BC82E0 /* Project object */;
}
